
Microsoft Visual Studio Solution File, Format Version 12.00
# Visual Studio Version 17
VisualStudioVersion = 17.4.33213.308
MinimumVisualStudioVersion = 10.0.40219.1
Project("{FAE04EC0-301F-11D3-BF4B-00C04F79EFBC}") = "TwoFromWPF", "TwoFromWPF\TwoFromWPF.csproj", "{E5758C28-7A58-4CDB-A7A2-2AF2FC5631D4}"
EndProject
Global
	GlobalSection(SolutionConfigurationPlatforms) = preSolution
		Debug|Any CPU = Debug|Any CPU
		Release|Any CPU = Release|Any CPU
	EndGlobalSection
	GlobalSection(ProjectConfigurationPlatforms) = postSolution
		{E5758C28-7A58-4CDB-A7A2-2AF2FC5631D4}.Debug|Any CPU.ActiveCfg = Debug|Any CPU
		{E5758C28-7A58-4CDB-A7A2-2AF2FC5631D4}.Debug|Any CPU.Build.0 = Debug|Any CPU
		{E5758C28-7A58-4CDB-A7A2-2AF2FC5631D4}.Release|Any CPU.ActiveCfg = Release|Any CPU
		{E5758C28-7A58-4CDB-A7A2-2AF2FC5631D4}.Release|Any CPU.Build.0 = Release|Any CPU
	EndGlobalSection
	GlobalSection(SolutionProperties) = preSolution
		HideSolutionNode = FALSE
	EndGlobalSection
	GlobalSection(ExtensibilityGlobals) = postSolution
		SolutionGuid = {A2B8F669-D396-4852-940E-F803EACF6C2F}
	EndGlobalSection
EndGlobal
