
Microsoft Visual Studio Solution File, Format Version 12.00
# Visual Studio Version 17
VisualStudioVersion = 17.4.33213.308
MinimumVisualStudioVersion = 10.0.40219.1
Project("{FAE04EC0-301F-11D3-BF4B-00C04F79EFBC}") = "SwitchingViews", "SwitchingViews\SwitchingViews.csproj", "{A19EC8DE-6224-4B90-9084-0A9EB0281A3D}"
EndProject
Global
	GlobalSection(SolutionConfigurationPlatforms) = preSolution
		Debug|Any CPU = Debug|Any CPU
		Release|Any CPU = Release|Any CPU
	EndGlobalSection
	GlobalSection(ProjectConfigurationPlatforms) = postSolution
		{A19EC8DE-6224-4B90-9084-0A9EB0281A3D}.Debug|Any CPU.ActiveCfg = Debug|Any CPU
		{A19EC8DE-6224-4B90-9084-0A9EB0281A3D}.Debug|Any CPU.Build.0 = Debug|Any CPU
		{A19EC8DE-6224-4B90-9084-0A9EB0281A3D}.Release|Any CPU.ActiveCfg = Release|Any CPU
		{A19EC8DE-6224-4B90-9084-0A9EB0281A3D}.Release|Any CPU.Build.0 = Release|Any CPU
	EndGlobalSection
	GlobalSection(SolutionProperties) = preSolution
		HideSolutionNode = FALSE
	EndGlobalSection
	GlobalSection(ExtensibilityGlobals) = postSolution
		SolutionGuid = {B3518F83-3036-4A37-95B3-27556EBC4D5C}
	EndGlobalSection
EndGlobal
